
Microsoft Visual Studio Solution File, Format Version 12.00
# Visual Studio 14
VisualStudioVersion = 14.0.25420.1
MinimumVisualStudioVersion = 10.0.40219.1
Project("{FAE04EC0-301F-11D3-BF4B-00C04F79EFBC}") = "Mobilecenter.Android", "Mobilecenter\Mobilecenter.Android\Mobilecenter.Android.csproj", "{F714B439-3855-4119-B2FD-57491A960CBD}"
EndProject
Project("{FAE04EC0-301F-11D3-BF4B-00C04F79EFBC}") = "Mobilecenter", "Mobilecenter\Mobilecenter\Mobilecenter.csproj", "{4C5C2E81-D7C8-448B-AB50-FB8FA4E862CB}"
EndProject
Project("{FAE04EC0-301F-11D3-BF4B-00C04F79EFBC}") = "Mobilecenter.UWP", "Mobilecenter\Mobilecenter.UWP\Mobilecenter.UWP.csproj", "{BC9635B1-19E9-4762-B498-75C6A12BA001}"
EndProject
Project("{FAE04EC0-301F-11D3-BF4B-00C04F79EFBC}") = "Mobilecenter.iOS", "Mobilecenter\Mobilecenter.iOS\Mobilecenter.iOS.csproj", "{025FC2BF-C238-4AB8-94F4-53E30DD491A5}"
EndProject
Global
	GlobalSection(SolutionConfigurationPlatforms) = preSolution
		Ad-Hoc|Any CPU = Ad-Hoc|Any CPU
		Ad-Hoc|ARM = Ad-Hoc|ARM
		Ad-Hoc|iPhone = Ad-Hoc|iPhone
		Ad-Hoc|iPhoneSimulator = Ad-Hoc|iPhoneSimulator
		Ad-Hoc|x64 = Ad-Hoc|x64
		Ad-Hoc|x86 = Ad-Hoc|x86
		AppStore|Any CPU = AppStore|Any CPU
		AppStore|ARM = AppStore|ARM
		AppStore|iPhone = AppStore|iPhone
		AppStore|iPhoneSimulator = AppStore|iPhoneSimulator
		AppStore|x64 = AppStore|x64
		AppStore|x86 = AppStore|x86
		Debug|Any CPU = Debug|Any CPU
		Debug|ARM = Debug|ARM
		Debug|iPhone = Debug|iPhone
		Debug|iPhoneSimulator = Debug|iPhoneSimulator
		Debug|x64 = Debug|x64
		Debug|x86 = Debug|x86
		Release|Any CPU = Release|Any CPU
		Release|ARM = Release|ARM
		Release|iPhone = Release|iPhone
		Release|iPhoneSimulator = Release|iPhoneSimulator
		Release|x64 = Release|x64
		Release|x86 = Release|x86
	EndGlobalSection
	GlobalSection(ProjectConfigurationPlatforms) = postSolution
		{F714B439-3855-4119-B2FD-57491A960CBD}.Ad-Hoc|Any CPU.ActiveCfg = Release|Any CPU
		{F714B439-3855-4119-B2FD-57491A960CBD}.Ad-Hoc|Any CPU.Build.0 = Release|Any CPU
		{F714B439-3855-4119-B2FD-57491A960CBD}.Ad-Hoc|Any CPU.Deploy.0 = Release|Any CPU
		{F714B439-3855-4119-B2FD-57491A960CBD}.Ad-Hoc|ARM.ActiveCfg = Release|Any CPU
		{F714B439-3855-4119-B2FD-57491A960CBD}.Ad-Hoc|ARM.Build.0 = Release|Any CPU
		{F714B439-3855-4119-B2FD-57491A960CBD}.Ad-Hoc|ARM.Deploy.0 = Release|Any CPU
		{F714B439-3855-4119-B2FD-57491A960CBD}.Ad-Hoc|iPhone.ActiveCfg = Release|Any CPU
		{F714B439-3855-4119-B2FD-57491A960CBD}.Ad-Hoc|iPhone.Build.0 = Release|Any CPU
		{F714B439-3855-4119-B2FD-57491A960CBD}.Ad-Hoc|iPhone.Deploy.0 = Release|Any CPU
		{F714B439-3855-4119-B2FD-57491A960CBD}.Ad-Hoc|iPhoneSimulator.ActiveCfg = Release|Any CPU
		{F714B439-3855-4119-B2FD-57491A960CBD}.Ad-Hoc|iPhoneSimulator.Build.0 = Release|Any CPU
		{F714B439-3855-4119-B2FD-57491A960CBD}.Ad-Hoc|iPhoneSimulator.Deploy.0 = Release|Any CPU
		{F714B439-3855-4119-B2FD-57491A960CBD}.Ad-Hoc|x64.ActiveCfg = Release|Any CPU
		{F714B439-3855-4119-B2FD-57491A960CBD}.Ad-Hoc|x64.Build.0 = Release|Any CPU
		{F714B439-3855-4119-B2FD-57491A960CBD}.Ad-Hoc|x64.Deploy.0 = Release|Any CPU
		{F714B439-3855-4119-B2FD-57491A960CBD}.Ad-Hoc|x86.ActiveCfg = Release|Any CPU
		{F714B439-3855-4119-B2FD-57491A960CBD}.Ad-Hoc|x86.Build.0 = Release|Any CPU
		{F714B439-3855-4119-B2FD-57491A960CBD}.Ad-Hoc|x86.Deploy.0 = Release|Any CPU
		{F714B439-3855-4119-B2FD-57491A960CBD}.AppStore|Any CPU.ActiveCfg = Release|Any CPU
		{F714B439-3855-4119-B2FD-57491A960CBD}.AppStore|Any CPU.Build.0 = Release|Any CPU
		{F714B439-3855-4119-B2FD-57491A960CBD}.AppStore|Any CPU.Deploy.0 = Release|Any CPU
		{F714B439-3855-4119-B2FD-57491A960CBD}.AppStore|ARM.ActiveCfg = Release|Any CPU
		{F714B439-3855-4119-B2FD-57491A960CBD}.AppStore|ARM.Build.0 = Release|Any CPU
		{F714B439-3855-4119-B2FD-57491A960CBD}.AppStore|ARM.Deploy.0 = Release|Any CPU
		{F714B439-3855-4119-B2FD-57491A960CBD}.AppStore|iPhone.ActiveCfg = Release|Any CPU
		{F714B439-3855-4119-B2FD-57491A960CBD}.AppStore|iPhone.Build.0 = Release|Any CPU
		{F714B439-3855-4119-B2FD-57491A960CBD}.AppStore|iPhone.Deploy.0 = Release|Any CPU
		{F714B439-3855-4119-B2FD-57491A960CBD}.AppStore|iPhoneSimulator.ActiveCfg = Release|Any CPU
		{F714B439-3855-4119-B2FD-57491A960CBD}.AppStore|iPhoneSimulator.Build.0 = Release|Any CPU
		{F714B439-3855-4119-B2FD-57491A960CBD}.AppStore|iPhoneSimulator.Deploy.0 = Release|Any CPU
		{F714B439-3855-4119-B2FD-57491A960CBD}.AppStore|x64.ActiveCfg = Release|Any CPU
		{F714B439-3855-4119-B2FD-57491A960CBD}.AppStore|x64.Build.0 = Release|Any CPU
		{F714B439-3855-4119-B2FD-57491A960CBD}.AppStore|x64.Deploy.0 = Release|Any CPU
		{F714B439-3855-4119-B2FD-57491A960CBD}.AppStore|x86.ActiveCfg = Release|Any CPU
		{F714B439-3855-4119-B2FD-57491A960CBD}.AppStore|x86.Build.0 = Release|Any CPU
		{F714B439-3855-4119-B2FD-57491A960CBD}.AppStore|x86.Deploy.0 = Release|Any CPU
		{F714B439-3855-4119-B2FD-57491A960CBD}.Debug|Any CPU.ActiveCfg = Debug|Any CPU
		{F714B439-3855-4119-B2FD-57491A960CBD}.Debug|Any CPU.Build.0 = Debug|Any CPU
		{F714B439-3855-4119-B2FD-57491A960CBD}.Debug|Any CPU.Deploy.0 = Debug|Any CPU
		{F714B439-3855-4119-B2FD-57491A960CBD}.Debug|ARM.ActiveCfg = Debug|Any CPU
		{F714B439-3855-4119-B2FD-57491A960CBD}.Debug|ARM.Build.0 = Debug|Any CPU
		{F714B439-3855-4119-B2FD-57491A960CBD}.Debug|ARM.Deploy.0 = Debug|Any CPU
		{F714B439-3855-4119-B2FD-57491A960CBD}.Debug|iPhone.ActiveCfg = Debug|Any CPU
		{F714B439-3855-4119-B2FD-57491A960CBD}.Debug|iPhone.Build.0 = Debug|Any CPU
		{F714B439-3855-4119-B2FD-57491A960CBD}.Debug|iPhone.Deploy.0 = Debug|Any CPU
		{F714B439-3855-4119-B2FD-57491A960CBD}.Debug|iPhoneSimulator.ActiveCfg = Debug|Any CPU
		{F714B439-3855-4119-B2FD-57491A960CBD}.Debug|iPhoneSimulator.Build.0 = Debug|Any CPU
		{F714B439-3855-4119-B2FD-57491A960CBD}.Debug|iPhoneSimulator.Deploy.0 = Debug|Any CPU
		{F714B439-3855-4119-B2FD-57491A960CBD}.Debug|x64.ActiveCfg = Debug|Any CPU
		{F714B439-3855-4119-B2FD-57491A960CBD}.Debug|x64.Build.0 = Debug|Any CPU
		{F714B439-3855-4119-B2FD-57491A960CBD}.Debug|x64.Deploy.0 = Debug|Any CPU
		{F714B439-3855-4119-B2FD-57491A960CBD}.Debug|x86.ActiveCfg = Debug|Any CPU
		{F714B439-3855-4119-B2FD-57491A960CBD}.Debug|x86.Build.0 = Debug|Any CPU
		{F714B439-3855-4119-B2FD-57491A960CBD}.Debug|x86.Deploy.0 = Debug|Any CPU
		{F714B439-3855-4119-B2FD-57491A960CBD}.Release|Any CPU.ActiveCfg = Release|Any CPU
		{F714B439-3855-4119-B2FD-57491A960CBD}.Release|Any CPU.Build.0 = Release|Any CPU
		{F714B439-3855-4119-B2FD-57491A960CBD}.Release|Any CPU.Deploy.0 = Release|Any CPU
		{F714B439-3855-4119-B2FD-57491A960CBD}.Release|ARM.ActiveCfg = Release|Any CPU
		{F714B439-3855-4119-B2FD-57491A960CBD}.Release|ARM.Build.0 = Release|Any CPU
		{F714B439-3855-4119-B2FD-57491A960CBD}.Release|ARM.Deploy.0 = Release|Any CPU
		{F714B439-3855-4119-B2FD-57491A960CBD}.Release|iPhone.ActiveCfg = Release|Any CPU
		{F714B439-3855-4119-B2FD-57491A960CBD}.Release|iPhone.Build.0 = Release|Any CPU
		{F714B439-3855-4119-B2FD-57491A960CBD}.Release|iPhone.Deploy.0 = Release|Any CPU
		{F714B439-3855-4119-B2FD-57491A960CBD}.Release|iPhoneSimulator.ActiveCfg = Release|Any CPU
		{F714B439-3855-4119-B2FD-57491A960CBD}.Release|iPhoneSimulator.Build.0 = Release|Any CPU
		{F714B439-3855-4119-B2FD-57491A960CBD}.Release|iPhoneSimulator.Deploy.0 = Release|Any CPU
		{F714B439-3855-4119-B2FD-57491A960CBD}.Release|x64.ActiveCfg = Release|Any CPU
		{F714B439-3855-4119-B2FD-57491A960CBD}.Release|x64.Build.0 = Release|Any CPU
		{F714B439-3855-4119-B2FD-57491A960CBD}.Release|x64.Deploy.0 = Release|Any CPU
		{F714B439-3855-4119-B2FD-57491A960CBD}.Release|x86.ActiveCfg = Release|Any CPU
		{F714B439-3855-4119-B2FD-57491A960CBD}.Release|x86.Build.0 = Release|Any CPU
		{F714B439-3855-4119-B2FD-57491A960CBD}.Release|x86.Deploy.0 = Release|Any CPU
		{4C5C2E81-D7C8-448B-AB50-FB8FA4E862CB}.Ad-Hoc|Any CPU.ActiveCfg = Release|Any CPU
		{4C5C2E81-D7C8-448B-AB50-FB8FA4E862CB}.Ad-Hoc|Any CPU.Build.0 = Release|Any CPU
		{4C5C2E81-D7C8-448B-AB50-FB8FA4E862CB}.Ad-Hoc|ARM.ActiveCfg = Release|Any CPU
		{4C5C2E81-D7C8-448B-AB50-FB8FA4E862CB}.Ad-Hoc|ARM.Build.0 = Release|Any CPU
		{4C5C2E81-D7C8-448B-AB50-FB8FA4E862CB}.Ad-Hoc|iPhone.ActiveCfg = Release|Any CPU
		{4C5C2E81-D7C8-448B-AB50-FB8FA4E862CB}.Ad-Hoc|iPhone.Build.0 = Release|Any CPU
		{4C5C2E81-D7C8-448B-AB50-FB8FA4E862CB}.Ad-Hoc|iPhoneSimulator.ActiveCfg = Release|Any CPU
		{4C5C2E81-D7C8-448B-AB50-FB8FA4E862CB}.Ad-Hoc|iPhoneSimulator.Build.0 = Release|Any CPU
		{4C5C2E81-D7C8-448B-AB50-FB8FA4E862CB}.Ad-Hoc|x64.ActiveCfg = Release|Any CPU
		{4C5C2E81-D7C8-448B-AB50-FB8FA4E862CB}.Ad-Hoc|x64.Build.0 = Release|Any CPU
		{4C5C2E81-D7C8-448B-AB50-FB8FA4E862CB}.Ad-Hoc|x86.ActiveCfg = Release|Any CPU
		{4C5C2E81-D7C8-448B-AB50-FB8FA4E862CB}.Ad-Hoc|x86.Build.0 = Release|Any CPU
		{4C5C2E81-D7C8-448B-AB50-FB8FA4E862CB}.AppStore|Any CPU.ActiveCfg = Release|Any CPU
		{4C5C2E81-D7C8-448B-AB50-FB8FA4E862CB}.AppStore|Any CPU.Build.0 = Release|Any CPU
		{4C5C2E81-D7C8-448B-AB50-FB8FA4E862CB}.AppStore|ARM.ActiveCfg = Release|Any CPU
		{4C5C2E81-D7C8-448B-AB50-FB8FA4E862CB}.AppStore|ARM.Build.0 = Release|Any CPU
		{4C5C2E81-D7C8-448B-AB50-FB8FA4E862CB}.AppStore|iPhone.ActiveCfg = Release|Any CPU
		{4C5C2E81-D7C8-448B-AB50-FB8FA4E862CB}.AppStore|iPhone.Build.0 = Release|Any CPU
		{4C5C2E81-D7C8-448B-AB50-FB8FA4E862CB}.AppStore|iPhoneSimulator.ActiveCfg = Release|Any CPU
		{4C5C2E81-D7C8-448B-AB50-FB8FA4E862CB}.AppStore|iPhoneSimulator.Build.0 = Release|Any CPU
		{4C5C2E81-D7C8-448B-AB50-FB8FA4E862CB}.AppStore|x64.ActiveCfg = Release|Any CPU
		{4C5C2E81-D7C8-448B-AB50-FB8FA4E862CB}.AppStore|x64.Build.0 = Release|Any CPU
		{4C5C2E81-D7C8-448B-AB50-FB8FA4E862CB}.AppStore|x86.ActiveCfg = Release|Any CPU
		{4C5C2E81-D7C8-448B-AB50-FB8FA4E862CB}.AppStore|x86.Build.0 = Release|Any CPU
		{4C5C2E81-D7C8-448B-AB50-FB8FA4E862CB}.Debug|Any CPU.ActiveCfg = Debug|Any CPU
		{4C5C2E81-D7C8-448B-AB50-FB8FA4E862CB}.Debug|Any CPU.Build.0 = Debug|Any CPU
		{4C5C2E81-D7C8-448B-AB50-FB8FA4E862CB}.Debug|ARM.ActiveCfg = Debug|Any CPU
		{4C5C2E81-D7C8-448B-AB50-FB8FA4E862CB}.Debug|ARM.Build.0 = Debug|Any CPU
		{4C5C2E81-D7C8-448B-AB50-FB8FA4E862CB}.Debug|iPhone.ActiveCfg = Debug|Any CPU
		{4C5C2E81-D7C8-448B-AB50-FB8FA4E862CB}.Debug|iPhone.Build.0 = Debug|Any CPU
		{4C5C2E81-D7C8-448B-AB50-FB8FA4E862CB}.Debug|iPhoneSimulator.ActiveCfg = Debug|Any CPU
		{4C5C2E81-D7C8-448B-AB50-FB8FA4E862CB}.Debug|iPhoneSimulator.Build.0 = Debug|Any CPU
		{4C5C2E81-D7C8-448B-AB50-FB8FA4E862CB}.Debug|x64.ActiveCfg = Debug|Any CPU
		{4C5C2E81-D7C8-448B-AB50-FB8FA4E862CB}.Debug|x64.Build.0 = Debug|Any CPU
		{4C5C2E81-D7C8-448B-AB50-FB8FA4E862CB}.Debug|x86.ActiveCfg = Debug|Any CPU
		{4C5C2E81-D7C8-448B-AB50-FB8FA4E862CB}.Debug|x86.Build.0 = Debug|Any CPU
		{4C5C2E81-D7C8-448B-AB50-FB8FA4E862CB}.Release|Any CPU.ActiveCfg = Release|Any CPU
		{4C5C2E81-D7C8-448B-AB50-FB8FA4E862CB}.Release|Any CPU.Build.0 = Release|Any CPU
		{4C5C2E81-D7C8-448B-AB50-FB8FA4E862CB}.Release|ARM.ActiveCfg = Release|Any CPU
		{4C5C2E81-D7C8-448B-AB50-FB8FA4E862CB}.Release|ARM.Build.0 = Release|Any CPU
		{4C5C2E81-D7C8-448B-AB50-FB8FA4E862CB}.Release|iPhone.ActiveCfg = Release|Any CPU
		{4C5C2E81-D7C8-448B-AB50-FB8FA4E862CB}.Release|iPhone.Build.0 = Release|Any CPU
		{4C5C2E81-D7C8-448B-AB50-FB8FA4E862CB}.Release|iPhoneSimulator.ActiveCfg = Release|Any CPU
		{4C5C2E81-D7C8-448B-AB50-FB8FA4E862CB}.Release|iPhoneSimulator.Build.0 = Release|Any CPU
		{4C5C2E81-D7C8-448B-AB50-FB8FA4E862CB}.Release|x64.ActiveCfg = Release|Any CPU
		{4C5C2E81-D7C8-448B-AB50-FB8FA4E862CB}.Release|x64.Build.0 = Release|Any CPU
		{4C5C2E81-D7C8-448B-AB50-FB8FA4E862CB}.Release|x86.ActiveCfg = Release|Any CPU
		{4C5C2E81-D7C8-448B-AB50-FB8FA4E862CB}.Release|x86.Build.0 = Release|Any CPU
		{BC9635B1-19E9-4762-B498-75C6A12BA001}.Ad-Hoc|Any CPU.ActiveCfg = Release|x86
		{BC9635B1-19E9-4762-B498-75C6A12BA001}.Ad-Hoc|Any CPU.Build.0 = Release|x86
		{BC9635B1-19E9-4762-B498-75C6A12BA001}.Ad-Hoc|Any CPU.Deploy.0 = Release|x86
		{BC9635B1-19E9-4762-B498-75C6A12BA001}.Ad-Hoc|ARM.ActiveCfg = Release|ARM
		{BC9635B1-19E9-4762-B498-75C6A12BA001}.Ad-Hoc|ARM.Build.0 = Release|ARM
		{BC9635B1-19E9-4762-B498-75C6A12BA001}.Ad-Hoc|ARM.Deploy.0 = Release|ARM
		{BC9635B1-19E9-4762-B498-75C6A12BA001}.Ad-Hoc|iPhone.ActiveCfg = Release|x86
		{BC9635B1-19E9-4762-B498-75C6A12BA001}.Ad-Hoc|iPhone.Build.0 = Release|x86
		{BC9635B1-19E9-4762-B498-75C6A12BA001}.Ad-Hoc|iPhone.Deploy.0 = Release|x86
		{BC9635B1-19E9-4762-B498-75C6A12BA001}.Ad-Hoc|iPhoneSimulator.ActiveCfg = Release|x86
		{BC9635B1-19E9-4762-B498-75C6A12BA001}.Ad-Hoc|iPhoneSimulator.Build.0 = Release|x86
		{BC9635B1-19E9-4762-B498-75C6A12BA001}.Ad-Hoc|iPhoneSimulator.Deploy.0 = Release|x86
		{BC9635B1-19E9-4762-B498-75C6A12BA001}.Ad-Hoc|x64.ActiveCfg = Release|x64
		{BC9635B1-19E9-4762-B498-75C6A12BA001}.Ad-Hoc|x64.Build.0 = Release|x64
		{BC9635B1-19E9-4762-B498-75C6A12BA001}.Ad-Hoc|x64.Deploy.0 = Release|x64
		{BC9635B1-19E9-4762-B498-75C6A12BA001}.Ad-Hoc|x86.ActiveCfg = Release|x86
		{BC9635B1-19E9-4762-B498-75C6A12BA001}.Ad-Hoc|x86.Build.0 = Release|x86
		{BC9635B1-19E9-4762-B498-75C6A12BA001}.Ad-Hoc|x86.Deploy.0 = Release|x86
		{BC9635B1-19E9-4762-B498-75C6A12BA001}.AppStore|Any CPU.ActiveCfg = Release|x86
		{BC9635B1-19E9-4762-B498-75C6A12BA001}.AppStore|Any CPU.Build.0 = Release|x86
		{BC9635B1-19E9-4762-B498-75C6A12BA001}.AppStore|Any CPU.Deploy.0 = Release|x86
		{BC9635B1-19E9-4762-B498-75C6A12BA001}.AppStore|ARM.ActiveCfg = Release|ARM
		{BC9635B1-19E9-4762-B498-75C6A12BA001}.AppStore|ARM.Build.0 = Release|ARM
		{BC9635B1-19E9-4762-B498-75C6A12BA001}.AppStore|ARM.Deploy.0 = Release|ARM
		{BC9635B1-19E9-4762-B498-75C6A12BA001}.AppStore|iPhone.ActiveCfg = Release|x86
		{BC9635B1-19E9-4762-B498-75C6A12BA001}.AppStore|iPhone.Build.0 = Release|x86
		{BC9635B1-19E9-4762-B498-75C6A12BA001}.AppStore|iPhone.Deploy.0 = Release|x86
		{BC9635B1-19E9-4762-B498-75C6A12BA001}.AppStore|iPhoneSimulator.ActiveCfg = Release|x86
		{BC9635B1-19E9-4762-B498-75C6A12BA001}.AppStore|iPhoneSimulator.Build.0 = Release|x86
		{BC9635B1-19E9-4762-B498-75C6A12BA001}.AppStore|iPhoneSimulator.Deploy.0 = Release|x86
		{BC9635B1-19E9-4762-B498-75C6A12BA001}.AppStore|x64.ActiveCfg = Release|x64
		{BC9635B1-19E9-4762-B498-75C6A12BA001}.AppStore|x64.Build.0 = Release|x64
		{BC9635B1-19E9-4762-B498-75C6A12BA001}.AppStore|x64.Deploy.0 = Release|x64
		{BC9635B1-19E9-4762-B498-75C6A12BA001}.AppStore|x86.ActiveCfg = Release|x86
		{BC9635B1-19E9-4762-B498-75C6A12BA001}.AppStore|x86.Build.0 = Release|x86
		{BC9635B1-19E9-4762-B498-75C6A12BA001}.AppStore|x86.Deploy.0 = Release|x86
		{BC9635B1-19E9-4762-B498-75C6A12BA001}.Debug|Any CPU.ActiveCfg = Debug|x86
		{BC9635B1-19E9-4762-B498-75C6A12BA001}.Debug|ARM.ActiveCfg = Debug|ARM
		{BC9635B1-19E9-4762-B498-75C6A12BA001}.Debug|ARM.Build.0 = Debug|ARM
		{BC9635B1-19E9-4762-B498-75C6A12BA001}.Debug|ARM.Deploy.0 = Debug|ARM
		{BC9635B1-19E9-4762-B498-75C6A12BA001}.Debug|iPhone.ActiveCfg = Debug|x86
		{BC9635B1-19E9-4762-B498-75C6A12BA001}.Debug|iPhoneSimulator.ActiveCfg = Debug|x86
		{BC9635B1-19E9-4762-B498-75C6A12BA001}.Debug|x64.ActiveCfg = Debug|x64
		{BC9635B1-19E9-4762-B498-75C6A12BA001}.Debug|x64.Build.0 = Debug|x64
		{BC9635B1-19E9-4762-B498-75C6A12BA001}.Debug|x64.Deploy.0 = Debug|x64
		{BC9635B1-19E9-4762-B498-75C6A12BA001}.Debug|x86.ActiveCfg = Debug|x86
		{BC9635B1-19E9-4762-B498-75C6A12BA001}.Debug|x86.Build.0 = Debug|x86
		{BC9635B1-19E9-4762-B498-75C6A12BA001}.Debug|x86.Deploy.0 = Debug|x86
		{BC9635B1-19E9-4762-B498-75C6A12BA001}.Release|Any CPU.ActiveCfg = Release|x86
		{BC9635B1-19E9-4762-B498-75C6A12BA001}.Release|ARM.ActiveCfg = Release|ARM
		{BC9635B1-19E9-4762-B498-75C6A12BA001}.Release|ARM.Build.0 = Release|ARM
		{BC9635B1-19E9-4762-B498-75C6A12BA001}.Release|ARM.Deploy.0 = Release|ARM
		{BC9635B1-19E9-4762-B498-75C6A12BA001}.Release|iPhone.ActiveCfg = Release|x86
		{BC9635B1-19E9-4762-B498-75C6A12BA001}.Release|iPhoneSimulator.ActiveCfg = Release|x86
		{BC9635B1-19E9-4762-B498-75C6A12BA001}.Release|x64.ActiveCfg = Release|x64
		{BC9635B1-19E9-4762-B498-75C6A12BA001}.Release|x64.Build.0 = Release|x64
		{BC9635B1-19E9-4762-B498-75C6A12BA001}.Release|x64.Deploy.0 = Release|x64
		{BC9635B1-19E9-4762-B498-75C6A12BA001}.Release|x86.ActiveCfg = Release|x86
		{BC9635B1-19E9-4762-B498-75C6A12BA001}.Release|x86.Build.0 = Release|x86
		{BC9635B1-19E9-4762-B498-75C6A12BA001}.Release|x86.Deploy.0 = Release|x86
		{025FC2BF-C238-4AB8-94F4-53E30DD491A5}.Ad-Hoc|Any CPU.ActiveCfg = Ad-Hoc|iPhone
		{025FC2BF-C238-4AB8-94F4-53E30DD491A5}.Ad-Hoc|ARM.ActiveCfg = Ad-Hoc|iPhone
		{025FC2BF-C238-4AB8-94F4-53E30DD491A5}.Ad-Hoc|iPhone.ActiveCfg = Ad-Hoc|iPhone
		{025FC2BF-C238-4AB8-94F4-53E30DD491A5}.Ad-Hoc|iPhone.Build.0 = Ad-Hoc|iPhone
		{025FC2BF-C238-4AB8-94F4-53E30DD491A5}.Ad-Hoc|iPhoneSimulator.ActiveCfg = Ad-Hoc|iPhoneSimulator
		{025FC2BF-C238-4AB8-94F4-53E30DD491A5}.Ad-Hoc|iPhoneSimulator.Build.0 = Ad-Hoc|iPhoneSimulator
		{025FC2BF-C238-4AB8-94F4-53E30DD491A5}.Ad-Hoc|x64.ActiveCfg = Ad-Hoc|iPhone
		{025FC2BF-C238-4AB8-94F4-53E30DD491A5}.Ad-Hoc|x86.ActiveCfg = Ad-Hoc|iPhone
		{025FC2BF-C238-4AB8-94F4-53E30DD491A5}.AppStore|Any CPU.ActiveCfg = AppStore|iPhone
		{025FC2BF-C238-4AB8-94F4-53E30DD491A5}.AppStore|ARM.ActiveCfg = AppStore|iPhone
		{025FC2BF-C238-4AB8-94F4-53E30DD491A5}.AppStore|iPhone.ActiveCfg = AppStore|iPhone
		{025FC2BF-C238-4AB8-94F4-53E30DD491A5}.AppStore|iPhone.Build.0 = AppStore|iPhone
		{025FC2BF-C238-4AB8-94F4-53E30DD491A5}.AppStore|iPhoneSimulator.ActiveCfg = AppStore|iPhoneSimulator
		{025FC2BF-C238-4AB8-94F4-53E30DD491A5}.AppStore|iPhoneSimulator.Build.0 = AppStore|iPhoneSimulator
		{025FC2BF-C238-4AB8-94F4-53E30DD491A5}.AppStore|x64.ActiveCfg = AppStore|iPhone
		{025FC2BF-C238-4AB8-94F4-53E30DD491A5}.AppStore|x86.ActiveCfg = AppStore|iPhone
		{025FC2BF-C238-4AB8-94F4-53E30DD491A5}.Debug|Any CPU.ActiveCfg = Debug|iPhone
		{025FC2BF-C238-4AB8-94F4-53E30DD491A5}.Debug|ARM.ActiveCfg = Debug|iPhone
		{025FC2BF-C238-4AB8-94F4-53E30DD491A5}.Debug|iPhone.ActiveCfg = Debug|iPhone
		{025FC2BF-C238-4AB8-94F4-53E30DD491A5}.Debug|iPhone.Build.0 = Debug|iPhone
		{025FC2BF-C238-4AB8-94F4-53E30DD491A5}.Debug|iPhoneSimulator.ActiveCfg = Debug|iPhoneSimulator
		{025FC2BF-C238-4AB8-94F4-53E30DD491A5}.Debug|iPhoneSimulator.Build.0 = Debug|iPhoneSimulator
		{025FC2BF-C238-4AB8-94F4-53E30DD491A5}.Debug|x64.ActiveCfg = Debug|iPhone
		{025FC2BF-C238-4AB8-94F4-53E30DD491A5}.Debug|x86.ActiveCfg = Debug|iPhone
		{025FC2BF-C238-4AB8-94F4-53E30DD491A5}.Release|Any CPU.ActiveCfg = Release|iPhone
		{025FC2BF-C238-4AB8-94F4-53E30DD491A5}.Release|ARM.ActiveCfg = Release|iPhone
		{025FC2BF-C238-4AB8-94F4-53E30DD491A5}.Release|iPhone.ActiveCfg = Release|iPhone
		{025FC2BF-C238-4AB8-94F4-53E30DD491A5}.Release|iPhone.Build.0 = Release|iPhone
		{025FC2BF-C238-4AB8-94F4-53E30DD491A5}.Release|iPhoneSimulator.ActiveCfg = Release|iPhoneSimulator
		{025FC2BF-C238-4AB8-94F4-53E30DD491A5}.Release|iPhoneSimulator.Build.0 = Release|iPhoneSimulator
		{025FC2BF-C238-4AB8-94F4-53E30DD491A5}.Release|x64.ActiveCfg = Release|iPhone
		{025FC2BF-C238-4AB8-94F4-53E30DD491A5}.Release|x86.ActiveCfg = Release|iPhone
	EndGlobalSection
	GlobalSection(SolutionProperties) = preSolution
		HideSolutionNode = FALSE
	EndGlobalSection
EndGlobal
